
Microsoft Visual Studio Solution File, Format Version 12.00
# Visual Studio Version 16
VisualStudioVersion = 16.0.29709.97
MinimumVisualStudioVersion = 10.0.40219.1
Project("{FAE04EC0-301F-11D3-BF4B-00C04F79EFBC}") = "AgroPro", "AgroPro\AgroPro.csproj", "{9DA63721-8FB9-4AEF-8A71-02D4680F547B}"
EndProject
Global
	GlobalSection(SolutionConfigurationPlatforms) = preSolution
		Debug|iPhone = Debug|iPhone
		Debug|iPhoneSimulator = Debug|iPhoneSimulator
		Release|iPhone = Release|iPhone
		Release|iPhoneSimulator = Release|iPhoneSimulator
	EndGlobalSection
	GlobalSection(ProjectConfigurationPlatforms) = postSolution
		{9DA63721-8FB9-4AEF-8A71-02D4680F547B}.Debug|iPhone.ActiveCfg = Debug|iPhone
		{9DA63721-8FB9-4AEF-8A71-02D4680F547B}.Debug|iPhone.Build.0 = Debug|iPhone
		{9DA63721-8FB9-4AEF-8A71-02D4680F547B}.Debug|iPhone.Deploy.0 = Debug|iPhone
		{9DA63721-8FB9-4AEF-8A71-02D4680F547B}.Debug|iPhoneSimulator.ActiveCfg = Debug|iPhoneSimulator
		{9DA63721-8FB9-4AEF-8A71-02D4680F547B}.Debug|iPhoneSimulator.Build.0 = Debug|iPhoneSimulator
		{9DA63721-8FB9-4AEF-8A71-02D4680F547B}.Debug|iPhoneSimulator.Deploy.0 = Debug|iPhoneSimulator
		{9DA63721-8FB9-4AEF-8A71-02D4680F547B}.Release|iPhone.ActiveCfg = Release|iPhone
		{9DA63721-8FB9-4AEF-8A71-02D4680F547B}.Release|iPhone.Build.0 = Release|iPhone
		{9DA63721-8FB9-4AEF-8A71-02D4680F547B}.Release|iPhone.Deploy.0 = Release|iPhone
		{9DA63721-8FB9-4AEF-8A71-02D4680F547B}.Release|iPhoneSimulator.ActiveCfg = Release|iPhoneSimulator
		{9DA63721-8FB9-4AEF-8A71-02D4680F547B}.Release|iPhoneSimulator.Build.0 = Release|iPhoneSimulator
		{9DA63721-8FB9-4AEF-8A71-02D4680F547B}.Release|iPhoneSimulator.Deploy.0 = Release|iPhoneSimulator
	EndGlobalSection
	GlobalSection(SolutionProperties) = preSolution
		HideSolutionNode = FALSE
	EndGlobalSection
	GlobalSection(ExtensibilityGlobals) = postSolution
		SolutionGuid = {98C9B438-87F2-4058-BC43-3AA8DE126515}
	EndGlobalSection
EndGlobal
